
Microsoft Visual Studio Solution File, Format Version 12.00
# Visual Studio Version 17
VisualStudioVersion = 17.2.32630.192
MinimumVisualStudioVersion = 10.0.40219.1
Project("{9A19103F-16F7-4668-BE54-9A1E7A4F7556}") = "BlazorFullStackCrud.Server", "BlazorFullStackCrud\Server\BlazorFullStackCrud.Server.csproj", "{43F51346-6DA9-49E8-A2E0-8F4F85AF0EC6}"
EndProject
Project("{9A19103F-16F7-4668-BE54-9A1E7A4F7556}") = "BlazorFullStackCrud.Client", "BlazorFullStackCrud\Client\BlazorFullStackCrud.Client.csproj", "{D072C561-7263-489B-A22A-A0BA01CD02B0}"
EndProject
Project("{9A19103F-16F7-4668-BE54-9A1E7A4F7556}") = "BlazorFullStackCrud.Shared", "BlazorFullStackCrud\Shared\BlazorFullStackCrud.Shared.csproj", "{4FFCD43A-46A5-4680-816F-ADF3234CC821}"
EndProject
Global
	GlobalSection(SolutionConfigurationPlatforms) = preSolution
		Debug|Any CPU = Debug|Any CPU
		Release|Any CPU = Release|Any CPU
	EndGlobalSection
	GlobalSection(ProjectConfigurationPlatforms) = postSolution
		{43F51346-6DA9-49E8-A2E0-8F4F85AF0EC6}.Debug|Any CPU.ActiveCfg = Debug|Any CPU
		{43F51346-6DA9-49E8-A2E0-8F4F85AF0EC6}.Debug|Any CPU.Build.0 = Debug|Any CPU
		{43F51346-6DA9-49E8-A2E0-8F4F85AF0EC6}.Release|Any CPU.ActiveCfg = Release|Any CPU
		{43F51346-6DA9-49E8-A2E0-8F4F85AF0EC6}.Release|Any CPU.Build.0 = Release|Any CPU
		{D072C561-7263-489B-A22A-A0BA01CD02B0}.Debug|Any CPU.ActiveCfg = Debug|Any CPU
		{D072C561-7263-489B-A22A-A0BA01CD02B0}.Debug|Any CPU.Build.0 = Debug|Any CPU
		{D072C561-7263-489B-A22A-A0BA01CD02B0}.Release|Any CPU.ActiveCfg = Release|Any CPU
		{D072C561-7263-489B-A22A-A0BA01CD02B0}.Release|Any CPU.Build.0 = Release|Any CPU
		{4FFCD43A-46A5-4680-816F-ADF3234CC821}.Debug|Any CPU.ActiveCfg = Debug|Any CPU
		{4FFCD43A-46A5-4680-816F-ADF3234CC821}.Debug|Any CPU.Build.0 = Debug|Any CPU
		{4FFCD43A-46A5-4680-816F-ADF3234CC821}.Release|Any CPU.ActiveCfg = Release|Any CPU
		{4FFCD43A-46A5-4680-816F-ADF3234CC821}.Release|Any CPU.Build.0 = Release|Any CPU
	EndGlobalSection
	GlobalSection(SolutionProperties) = preSolution
		HideSolutionNode = FALSE
	EndGlobalSection
	GlobalSection(ExtensibilityGlobals) = postSolution
		SolutionGuid = {6B175472-40C3-4168-8F04-C6AB86E379A8}
	EndGlobalSection
EndGlobal
